
Microsoft Visual Studio Solution File, Format Version 12.00
# Visual Studio Version 16
VisualStudioVersion = 16.0.31019.35
MinimumVisualStudioVersion = 10.0.40219.1
Project("{FAE04EC0-301F-11D3-BF4B-00C04F79EFBC}") = "RestaurantApp.Android", "RestaurantApp\RestaurantApp.Android\RestaurantApp.Android.csproj", "{20A6C4E4-29BB-4D80-84F0-F7C592C0E76D}"
EndProject
Project("{FAE04EC0-301F-11D3-BF4B-00C04F79EFBC}") = "RestaurantApp.iOS", "RestaurantApp\RestaurantApp.iOS\RestaurantApp.iOS.csproj", "{441CE2D5-1873-4FA1-BA39-3E1AEFB2349C}"
EndProject
Project("{9A19103F-16F7-4668-BE54-9A1E7A4F7556}") = "RestaurantApp", "RestaurantApp\RestaurantApp\RestaurantApp.csproj", "{FB6C88AC-293D-47E5-8AD1-0FB47A169A49}"
EndProject
Project("{2150E333-8FDC-42A3-9474-1A3956D46DE8}") = "Mobile", "Mobile", "{2486094C-8913-4646-8A37-90F653C5725E}"
EndProject
Project("{9A19103F-16F7-4668-BE54-9A1E7A4F7556}") = "RestaurantApp.WebApi", "RestaurantApp.WebApi\RestaurantApp.WebApi.csproj", "{8C43F5BB-23A7-4527-9E71-875D72EA342C}"
EndProject
Project("{FAE04EC0-301F-11D3-BF4B-00C04F79EFBC}") = "RestaurantApp.BusinessService", "RestaurantApp.BusinessService\RestaurantApp.BusinessService.csproj", "{A48D649A-1D5A-4C11-A200-6E5C18D22B39}"
EndProject
Project("{FAE04EC0-301F-11D3-BF4B-00C04F79EFBC}") = "RestaurantApp.BusinessEntities", "RestaurantApp.BusinessEntities\RestaurantApp.BusinessEntities.csproj", "{9A750FFE-E1E3-42DC-80EC-28ED4B34536A}"
EndProject
Project("{FAE04EC0-301F-11D3-BF4B-00C04F79EFBC}") = "RestaurantApp.DataContracts", "RestaurantApp.DataContracts\RestaurantApp.DataContracts.csproj", "{473DE10B-A4C3-4F6A-8CB5-C365E155890B}"
EndProject
Project("{FAE04EC0-301F-11D3-BF4B-00C04F79EFBC}") = "RestaurantApp.DataModel", "RestaurantApp.DataModel\RestaurantApp.DataModel.csproj", "{E015B5FE-0205-480C-8BEF-1052313D7AE2}"
EndProject
Project("{FAE04EC0-301F-11D3-BF4B-00C04F79EFBC}") = "RestaurantApp.DataServices", "RestaurantApp.DataServices\RestaurantApp.DataServices.csproj", "{DE03EC11-B397-4ADF-882C-81FFC1C96A21}"
EndProject
Global
	GlobalSection(SolutionConfigurationPlatforms) = preSolution
		Ad-Hoc|Any CPU = Ad-Hoc|Any CPU
		Ad-Hoc|iPhone = Ad-Hoc|iPhone
		Ad-Hoc|iPhoneSimulator = Ad-Hoc|iPhoneSimulator
		AppStore|Any CPU = AppStore|Any CPU
		AppStore|iPhone = AppStore|iPhone
		AppStore|iPhoneSimulator = AppStore|iPhoneSimulator
		Debug|Any CPU = Debug|Any CPU
		Debug|iPhone = Debug|iPhone
		Debug|iPhoneSimulator = Debug|iPhoneSimulator
		Gorilla|Any CPU = Gorilla|Any CPU
		Gorilla|iPhone = Gorilla|iPhone
		Gorilla|iPhoneSimulator = Gorilla|iPhoneSimulator
		Release|Any CPU = Release|Any CPU
		Release|iPhone = Release|iPhone
		Release|iPhoneSimulator = Release|iPhoneSimulator
	EndGlobalSection
	GlobalSection(ProjectConfigurationPlatforms) = postSolution
		{20A6C4E4-29BB-4D80-84F0-F7C592C0E76D}.Ad-Hoc|Any CPU.ActiveCfg = Release|Any CPU
		{20A6C4E4-29BB-4D80-84F0-F7C592C0E76D}.Ad-Hoc|Any CPU.Build.0 = Release|Any CPU
		{20A6C4E4-29BB-4D80-84F0-F7C592C0E76D}.Ad-Hoc|Any CPU.Deploy.0 = Release|Any CPU
		{20A6C4E4-29BB-4D80-84F0-F7C592C0E76D}.Ad-Hoc|iPhone.ActiveCfg = Release|Any CPU
		{20A6C4E4-29BB-4D80-84F0-F7C592C0E76D}.Ad-Hoc|iPhone.Build.0 = Release|Any CPU
		{20A6C4E4-29BB-4D80-84F0-F7C592C0E76D}.Ad-Hoc|iPhone.Deploy.0 = Release|Any CPU
		{20A6C4E4-29BB-4D80-84F0-F7C592C0E76D}.Ad-Hoc|iPhoneSimulator.ActiveCfg = Release|Any CPU
		{20A6C4E4-29BB-4D80-84F0-F7C592C0E76D}.Ad-Hoc|iPhoneSimulator.Build.0 = Release|Any CPU
		{20A6C4E4-29BB-4D80-84F0-F7C592C0E76D}.Ad-Hoc|iPhoneSimulator.Deploy.0 = Release|Any CPU
		{20A6C4E4-29BB-4D80-84F0-F7C592C0E76D}.AppStore|Any CPU.ActiveCfg = Release|Any CPU
		{20A6C4E4-29BB-4D80-84F0-F7C592C0E76D}.AppStore|Any CPU.Build.0 = Release|Any CPU
		{20A6C4E4-29BB-4D80-84F0-F7C592C0E76D}.AppStore|Any CPU.Deploy.0 = Release|Any CPU
		{20A6C4E4-29BB-4D80-84F0-F7C592C0E76D}.AppStore|iPhone.ActiveCfg = Release|Any CPU
		{20A6C4E4-29BB-4D80-84F0-F7C592C0E76D}.AppStore|iPhone.Build.0 = Release|Any CPU
		{20A6C4E4-29BB-4D80-84F0-F7C592C0E76D}.AppStore|iPhone.Deploy.0 = Release|Any CPU
		{20A6C4E4-29BB-4D80-84F0-F7C592C0E76D}.AppStore|iPhoneSimulator.ActiveCfg = Release|Any CPU
		{20A6C4E4-29BB-4D80-84F0-F7C592C0E76D}.AppStore|iPhoneSimulator.Build.0 = Release|Any CPU
		{20A6C4E4-29BB-4D80-84F0-F7C592C0E76D}.AppStore|iPhoneSimulator.Deploy.0 = Release|Any CPU
		{20A6C4E4-29BB-4D80-84F0-F7C592C0E76D}.Debug|Any CPU.ActiveCfg = Debug|Any CPU
		{20A6C4E4-29BB-4D80-84F0-F7C592C0E76D}.Debug|Any CPU.Build.0 = Debug|Any CPU
		{20A6C4E4-29BB-4D80-84F0-F7C592C0E76D}.Debug|Any CPU.Deploy.0 = Debug|Any CPU
		{20A6C4E4-29BB-4D80-84F0-F7C592C0E76D}.Debug|iPhone.ActiveCfg = Debug|Any CPU
		{20A6C4E4-29BB-4D80-84F0-F7C592C0E76D}.Debug|iPhone.Build.0 = Debug|Any CPU
		{20A6C4E4-29BB-4D80-84F0-F7C592C0E76D}.Debug|iPhone.Deploy.0 = Debug|Any CPU
		{20A6C4E4-29BB-4D80-84F0-F7C592C0E76D}.Debug|iPhoneSimulator.ActiveCfg = Debug|Any CPU
		{20A6C4E4-29BB-4D80-84F0-F7C592C0E76D}.Debug|iPhoneSimulator.Build.0 = Debug|Any CPU
		{20A6C4E4-29BB-4D80-84F0-F7C592C0E76D}.Debug|iPhoneSimulator.Deploy.0 = Debug|Any CPU
		{20A6C4E4-29BB-4D80-84F0-F7C592C0E76D}.Gorilla|Any CPU.ActiveCfg = Gorilla|Any CPU
		{20A6C4E4-29BB-4D80-84F0-F7C592C0E76D}.Gorilla|Any CPU.Build.0 = Gorilla|Any CPU
		{20A6C4E4-29BB-4D80-84F0-F7C592C0E76D}.Gorilla|Any CPU.Deploy.0 = Gorilla|Any CPU
		{20A6C4E4-29BB-4D80-84F0-F7C592C0E76D}.Gorilla|iPhone.ActiveCfg = Gorilla|Any CPU
		{20A6C4E4-29BB-4D80-84F0-F7C592C0E76D}.Gorilla|iPhone.Build.0 = Gorilla|Any CPU
		{20A6C4E4-29BB-4D80-84F0-F7C592C0E76D}.Gorilla|iPhone.Deploy.0 = Gorilla|Any CPU
		{20A6C4E4-29BB-4D80-84F0-F7C592C0E76D}.Gorilla|iPhoneSimulator.ActiveCfg = Gorilla|Any CPU
		{20A6C4E4-29BB-4D80-84F0-F7C592C0E76D}.Gorilla|iPhoneSimulator.Build.0 = Gorilla|Any CPU
		{20A6C4E4-29BB-4D80-84F0-F7C592C0E76D}.Gorilla|iPhoneSimulator.Deploy.0 = Gorilla|Any CPU
		{20A6C4E4-29BB-4D80-84F0-F7C592C0E76D}.Release|Any CPU.ActiveCfg = Release|Any CPU
		{20A6C4E4-29BB-4D80-84F0-F7C592C0E76D}.Release|Any CPU.Build.0 = Release|Any CPU
		{20A6C4E4-29BB-4D80-84F0-F7C592C0E76D}.Release|Any CPU.Deploy.0 = Release|Any CPU
		{20A6C4E4-29BB-4D80-84F0-F7C592C0E76D}.Release|iPhone.ActiveCfg = Release|Any CPU
		{20A6C4E4-29BB-4D80-84F0-F7C592C0E76D}.Release|iPhone.Build.0 = Release|Any CPU
		{20A6C4E4-29BB-4D80-84F0-F7C592C0E76D}.Release|iPhone.Deploy.0 = Release|Any CPU
		{20A6C4E4-29BB-4D80-84F0-F7C592C0E76D}.Release|iPhoneSimulator.ActiveCfg = Release|Any CPU
		{20A6C4E4-29BB-4D80-84F0-F7C592C0E76D}.Release|iPhoneSimulator.Build.0 = Release|Any CPU
		{20A6C4E4-29BB-4D80-84F0-F7C592C0E76D}.Release|iPhoneSimulator.Deploy.0 = Release|Any CPU
		{441CE2D5-1873-4FA1-BA39-3E1AEFB2349C}.Ad-Hoc|Any CPU.ActiveCfg = Ad-Hoc|iPhone
		{441CE2D5-1873-4FA1-BA39-3E1AEFB2349C}.Ad-Hoc|Any CPU.Build.0 = Ad-Hoc|iPhone
		{441CE2D5-1873-4FA1-BA39-3E1AEFB2349C}.Ad-Hoc|Any CPU.Deploy.0 = Ad-Hoc|iPhone
		{441CE2D5-1873-4FA1-BA39-3E1AEFB2349C}.Ad-Hoc|iPhone.ActiveCfg = Ad-Hoc|iPhone
		{441CE2D5-1873-4FA1-BA39-3E1AEFB2349C}.Ad-Hoc|iPhone.Build.0 = Ad-Hoc|iPhone
		{441CE2D5-1873-4FA1-BA39-3E1AEFB2349C}.Ad-Hoc|iPhone.Deploy.0 = Ad-Hoc|iPhone
		{441CE2D5-1873-4FA1-BA39-3E1AEFB2349C}.Ad-Hoc|iPhoneSimulator.ActiveCfg = Ad-Hoc|iPhoneSimulator
		{441CE2D5-1873-4FA1-BA39-3E1AEFB2349C}.Ad-Hoc|iPhoneSimulator.Build.0 = Ad-Hoc|iPhoneSimulator
		{441CE2D5-1873-4FA1-BA39-3E1AEFB2349C}.Ad-Hoc|iPhoneSimulator.Deploy.0 = Ad-Hoc|iPhoneSimulator
		{441CE2D5-1873-4FA1-BA39-3E1AEFB2349C}.AppStore|Any CPU.ActiveCfg = AppStore|iPhone
		{441CE2D5-1873-4FA1-BA39-3E1AEFB2349C}.AppStore|Any CPU.Build.0 = AppStore|iPhone
		{441CE2D5-1873-4FA1-BA39-3E1AEFB2349C}.AppStore|Any CPU.Deploy.0 = AppStore|iPhone
		{441CE2D5-1873-4FA1-BA39-3E1AEFB2349C}.AppStore|iPhone.ActiveCfg = AppStore|iPhone
		{441CE2D5-1873-4FA1-BA39-3E1AEFB2349C}.AppStore|iPhone.Build.0 = AppStore|iPhone
		{441CE2D5-1873-4FA1-BA39-3E1AEFB2349C}.AppStore|iPhone.Deploy.0 = AppStore|iPhone
		{441CE2D5-1873-4FA1-BA39-3E1AEFB2349C}.AppStore|iPhoneSimulator.ActiveCfg = AppStore|iPhoneSimulator
		{441CE2D5-1873-4FA1-BA39-3E1AEFB2349C}.AppStore|iPhoneSimulator.Build.0 = AppStore|iPhoneSimulator
		{441CE2D5-1873-4FA1-BA39-3E1AEFB2349C}.AppStore|iPhoneSimulator.Deploy.0 = AppStore|iPhoneSimulator
		{441CE2D5-1873-4FA1-BA39-3E1AEFB2349C}.Debug|Any CPU.ActiveCfg = Debug|iPhoneSimulator
		{441CE2D5-1873-4FA1-BA39-3E1AEFB2349C}.Debug|Any CPU.Build.0 = Debug|iPhoneSimulator
		{441CE2D5-1873-4FA1-BA39-3E1AEFB2349C}.Debug|Any CPU.Deploy.0 = Debug|iPhoneSimulator
		{441CE2D5-1873-4FA1-BA39-3E1AEFB2349C}.Debug|iPhone.ActiveCfg = Debug|iPhone
		{441CE2D5-1873-4FA1-BA39-3E1AEFB2349C}.Debug|iPhone.Build.0 = Debug|iPhone
		{441CE2D5-1873-4FA1-BA39-3E1AEFB2349C}.Debug|iPhone.Deploy.0 = Debug|iPhone
		{441CE2D5-1873-4FA1-BA39-3E1AEFB2349C}.Debug|iPhoneSimulator.ActiveCfg = Debug|iPhoneSimulator
		{441CE2D5-1873-4FA1-BA39-3E1AEFB2349C}.Debug|iPhoneSimulator.Build.0 = Debug|iPhoneSimulator
		{441CE2D5-1873-4FA1-BA39-3E1AEFB2349C}.Debug|iPhoneSimulator.Deploy.0 = Debug|iPhoneSimulator
		{441CE2D5-1873-4FA1-BA39-3E1AEFB2349C}.Gorilla|Any CPU.ActiveCfg = Gorilla|iPhone
		{441CE2D5-1873-4FA1-BA39-3E1AEFB2349C}.Gorilla|iPhone.ActiveCfg = Gorilla|iPhone
		{441CE2D5-1873-4FA1-BA39-3E1AEFB2349C}.Gorilla|iPhone.Build.0 = Gorilla|iPhone
		{441CE2D5-1873-4FA1-BA39-3E1AEFB2349C}.Gorilla|iPhoneSimulator.ActiveCfg = Gorilla|iPhoneSimulator
		{441CE2D5-1873-4FA1-BA39-3E1AEFB2349C}.Gorilla|iPhoneSimulator.Build.0 = Gorilla|iPhoneSimulator
		{441CE2D5-1873-4FA1-BA39-3E1AEFB2349C}.Release|Any CPU.ActiveCfg = Release|iPhone
		{441CE2D5-1873-4FA1-BA39-3E1AEFB2349C}.Release|Any CPU.Build.0 = Release|iPhone
		{441CE2D5-1873-4FA1-BA39-3E1AEFB2349C}.Release|Any CPU.Deploy.0 = Release|iPhone
		{441CE2D5-1873-4FA1-BA39-3E1AEFB2349C}.Release|iPhone.ActiveCfg = Release|iPhone
		{441CE2D5-1873-4FA1-BA39-3E1AEFB2349C}.Release|iPhone.Build.0 = Release|iPhone
		{441CE2D5-1873-4FA1-BA39-3E1AEFB2349C}.Release|iPhone.Deploy.0 = Release|iPhone
		{441CE2D5-1873-4FA1-BA39-3E1AEFB2349C}.Release|iPhoneSimulator.ActiveCfg = Release|iPhoneSimulator
		{441CE2D5-1873-4FA1-BA39-3E1AEFB2349C}.Release|iPhoneSimulator.Build.0 = Release|iPhoneSimulator
		{441CE2D5-1873-4FA1-BA39-3E1AEFB2349C}.Release|iPhoneSimulator.Deploy.0 = Release|iPhoneSimulator
		{FB6C88AC-293D-47E5-8AD1-0FB47A169A49}.Ad-Hoc|Any CPU.ActiveCfg = Debug|Any CPU
		{FB6C88AC-293D-47E5-8AD1-0FB47A169A49}.Ad-Hoc|Any CPU.Build.0 = Debug|Any CPU
		{FB6C88AC-293D-47E5-8AD1-0FB47A169A49}.Ad-Hoc|Any CPU.Deploy.0 = Debug|Any CPU
		{FB6C88AC-293D-47E5-8AD1-0FB47A169A49}.Ad-Hoc|iPhone.ActiveCfg = Debug|Any CPU
		{FB6C88AC-293D-47E5-8AD1-0FB47A169A49}.Ad-Hoc|iPhone.Build.0 = Debug|Any CPU
		{FB6C88AC-293D-47E5-8AD1-0FB47A169A49}.Ad-Hoc|iPhone.Deploy.0 = Debug|Any CPU
		{FB6C88AC-293D-47E5-8AD1-0FB47A169A49}.Ad-Hoc|iPhoneSimulator.ActiveCfg = Debug|Any CPU
		{FB6C88AC-293D-47E5-8AD1-0FB47A169A49}.Ad-Hoc|iPhoneSimulator.Build.0 = Debug|Any CPU
		{FB6C88AC-293D-47E5-8AD1-0FB47A169A49}.Ad-Hoc|iPhoneSimulator.Deploy.0 = Debug|Any CPU
		{FB6C88AC-293D-47E5-8AD1-0FB47A169A49}.AppStore|Any CPU.ActiveCfg = Debug|Any CPU
		{FB6C88AC-293D-47E5-8AD1-0FB47A169A49}.AppStore|Any CPU.Build.0 = Debug|Any CPU
		{FB6C88AC-293D-47E5-8AD1-0FB47A169A49}.AppStore|Any CPU.Deploy.0 = Debug|Any CPU
		{FB6C88AC-293D-47E5-8AD1-0FB47A169A49}.AppStore|iPhone.ActiveCfg = Debug|Any CPU
		{FB6C88AC-293D-47E5-8AD1-0FB47A169A49}.AppStore|iPhone.Build.0 = Debug|Any CPU
		{FB6C88AC-293D-47E5-8AD1-0FB47A169A49}.AppStore|iPhone.Deploy.0 = Debug|Any CPU
		{FB6C88AC-293D-47E5-8AD1-0FB47A169A49}.AppStore|iPhoneSimulator.ActiveCfg = Debug|Any CPU
		{FB6C88AC-293D-47E5-8AD1-0FB47A169A49}.AppStore|iPhoneSimulator.Build.0 = Debug|Any CPU
		{FB6C88AC-293D-47E5-8AD1-0FB47A169A49}.AppStore|iPhoneSimulator.Deploy.0 = Debug|Any CPU
		{FB6C88AC-293D-47E5-8AD1-0FB47A169A49}.Debug|Any CPU.ActiveCfg = Debug|Any CPU
		{FB6C88AC-293D-47E5-8AD1-0FB47A169A49}.Debug|Any CPU.Build.0 = Debug|Any CPU
		{FB6C88AC-293D-47E5-8AD1-0FB47A169A49}.Debug|Any CPU.Deploy.0 = Debug|Any CPU
		{FB6C88AC-293D-47E5-8AD1-0FB47A169A49}.Debug|iPhone.ActiveCfg = Debug|Any CPU
		{FB6C88AC-293D-47E5-8AD1-0FB47A169A49}.Debug|iPhone.Build.0 = Debug|Any CPU
		{FB6C88AC-293D-47E5-8AD1-0FB47A169A49}.Debug|iPhone.Deploy.0 = Debug|Any CPU
		{FB6C88AC-293D-47E5-8AD1-0FB47A169A49}.Debug|iPhoneSimulator.ActiveCfg = Debug|Any CPU
		{FB6C88AC-293D-47E5-8AD1-0FB47A169A49}.Debug|iPhoneSimulator.Build.0 = Debug|Any CPU
		{FB6C88AC-293D-47E5-8AD1-0FB47A169A49}.Debug|iPhoneSimulator.Deploy.0 = Debug|Any CPU
		{FB6C88AC-293D-47E5-8AD1-0FB47A169A49}.Gorilla|Any CPU.ActiveCfg = Gorilla|Any CPU
		{FB6C88AC-293D-47E5-8AD1-0FB47A169A49}.Gorilla|Any CPU.Build.0 = Gorilla|Any CPU
		{FB6C88AC-293D-47E5-8AD1-0FB47A169A49}.Gorilla|iPhone.ActiveCfg = Gorilla|Any CPU
		{FB6C88AC-293D-47E5-8AD1-0FB47A169A49}.Gorilla|iPhone.Build.0 = Gorilla|Any CPU
		{FB6C88AC-293D-47E5-8AD1-0FB47A169A49}.Gorilla|iPhoneSimulator.ActiveCfg = Gorilla|Any CPU
		{FB6C88AC-293D-47E5-8AD1-0FB47A169A49}.Gorilla|iPhoneSimulator.Build.0 = Gorilla|Any CPU
		{FB6C88AC-293D-47E5-8AD1-0FB47A169A49}.Release|Any CPU.ActiveCfg = Release|Any CPU
		{FB6C88AC-293D-47E5-8AD1-0FB47A169A49}.Release|Any CPU.Build.0 = Release|Any CPU
		{FB6C88AC-293D-47E5-8AD1-0FB47A169A49}.Release|Any CPU.Deploy.0 = Release|Any CPU
		{FB6C88AC-293D-47E5-8AD1-0FB47A169A49}.Release|iPhone.ActiveCfg = Release|Any CPU
		{FB6C88AC-293D-47E5-8AD1-0FB47A169A49}.Release|iPhone.Build.0 = Release|Any CPU
		{FB6C88AC-293D-47E5-8AD1-0FB47A169A49}.Release|iPhone.Deploy.0 = Release|Any CPU
		{FB6C88AC-293D-47E5-8AD1-0FB47A169A49}.Release|iPhoneSimulator.ActiveCfg = Release|Any CPU
		{FB6C88AC-293D-47E5-8AD1-0FB47A169A49}.Release|iPhoneSimulator.Build.0 = Release|Any CPU
		{FB6C88AC-293D-47E5-8AD1-0FB47A169A49}.Release|iPhoneSimulator.Deploy.0 = Release|Any CPU
		{8C43F5BB-23A7-4527-9E71-875D72EA342C}.Ad-Hoc|Any CPU.ActiveCfg = Debug|Any CPU
		{8C43F5BB-23A7-4527-9E71-875D72EA342C}.Ad-Hoc|Any CPU.Build.0 = Debug|Any CPU
		{8C43F5BB-23A7-4527-9E71-875D72EA342C}.Ad-Hoc|iPhone.ActiveCfg = Debug|Any CPU
		{8C43F5BB-23A7-4527-9E71-875D72EA342C}.Ad-Hoc|iPhone.Build.0 = Debug|Any CPU
		{8C43F5BB-23A7-4527-9E71-875D72EA342C}.Ad-Hoc|iPhoneSimulator.ActiveCfg = Debug|Any CPU
		{8C43F5BB-23A7-4527-9E71-875D72EA342C}.Ad-Hoc|iPhoneSimulator.Build.0 = Debug|Any CPU
		{8C43F5BB-23A7-4527-9E71-875D72EA342C}.AppStore|Any CPU.ActiveCfg = Debug|Any CPU
		{8C43F5BB-23A7-4527-9E71-875D72EA342C}.AppStore|Any CPU.Build.0 = Debug|Any CPU
		{8C43F5BB-23A7-4527-9E71-875D72EA342C}.AppStore|iPhone.ActiveCfg = Debug|Any CPU
		{8C43F5BB-23A7-4527-9E71-875D72EA342C}.AppStore|iPhone.Build.0 = Debug|Any CPU
		{8C43F5BB-23A7-4527-9E71-875D72EA342C}.AppStore|iPhoneSimulator.ActiveCfg = Debug|Any CPU
		{8C43F5BB-23A7-4527-9E71-875D72EA342C}.AppStore|iPhoneSimulator.Build.0 = Debug|Any CPU
		{8C43F5BB-23A7-4527-9E71-875D72EA342C}.Debug|Any CPU.ActiveCfg = Debug|Any CPU
		{8C43F5BB-23A7-4527-9E71-875D72EA342C}.Debug|Any CPU.Build.0 = Debug|Any CPU
		{8C43F5BB-23A7-4527-9E71-875D72EA342C}.Debug|iPhone.ActiveCfg = Debug|Any CPU
		{8C43F5BB-23A7-4527-9E71-875D72EA342C}.Debug|iPhone.Build.0 = Debug|Any CPU
		{8C43F5BB-23A7-4527-9E71-875D72EA342C}.Debug|iPhoneSimulator.ActiveCfg = Debug|Any CPU
		{8C43F5BB-23A7-4527-9E71-875D72EA342C}.Debug|iPhoneSimulator.Build.0 = Debug|Any CPU
		{8C43F5BB-23A7-4527-9E71-875D72EA342C}.Gorilla|Any CPU.ActiveCfg = Gorilla|Any CPU
		{8C43F5BB-23A7-4527-9E71-875D72EA342C}.Gorilla|Any CPU.Build.0 = Gorilla|Any CPU
		{8C43F5BB-23A7-4527-9E71-875D72EA342C}.Gorilla|iPhone.ActiveCfg = Gorilla|Any CPU
		{8C43F5BB-23A7-4527-9E71-875D72EA342C}.Gorilla|iPhone.Build.0 = Gorilla|Any CPU
		{8C43F5BB-23A7-4527-9E71-875D72EA342C}.Gorilla|iPhoneSimulator.ActiveCfg = Gorilla|Any CPU
		{8C43F5BB-23A7-4527-9E71-875D72EA342C}.Gorilla|iPhoneSimulator.Build.0 = Gorilla|Any CPU
		{8C43F5BB-23A7-4527-9E71-875D72EA342C}.Release|Any CPU.ActiveCfg = Release|Any CPU
		{8C43F5BB-23A7-4527-9E71-875D72EA342C}.Release|Any CPU.Build.0 = Release|Any CPU
		{8C43F5BB-23A7-4527-9E71-875D72EA342C}.Release|iPhone.ActiveCfg = Release|Any CPU
		{8C43F5BB-23A7-4527-9E71-875D72EA342C}.Release|iPhone.Build.0 = Release|Any CPU
		{8C43F5BB-23A7-4527-9E71-875D72EA342C}.Release|iPhoneSimulator.ActiveCfg = Release|Any CPU
		{8C43F5BB-23A7-4527-9E71-875D72EA342C}.Release|iPhoneSimulator.Build.0 = Release|Any CPU
		{A48D649A-1D5A-4C11-A200-6E5C18D22B39}.Ad-Hoc|Any CPU.ActiveCfg = Debug|Any CPU
		{A48D649A-1D5A-4C11-A200-6E5C18D22B39}.Ad-Hoc|Any CPU.Build.0 = Debug|Any CPU
		{A48D649A-1D5A-4C11-A200-6E5C18D22B39}.Ad-Hoc|iPhone.ActiveCfg = Debug|Any CPU
		{A48D649A-1D5A-4C11-A200-6E5C18D22B39}.Ad-Hoc|iPhone.Build.0 = Debug|Any CPU
		{A48D649A-1D5A-4C11-A200-6E5C18D22B39}.Ad-Hoc|iPhoneSimulator.ActiveCfg = Debug|Any CPU
		{A48D649A-1D5A-4C11-A200-6E5C18D22B39}.Ad-Hoc|iPhoneSimulator.Build.0 = Debug|Any CPU
		{A48D649A-1D5A-4C11-A200-6E5C18D22B39}.AppStore|Any CPU.ActiveCfg = Debug|Any CPU
		{A48D649A-1D5A-4C11-A200-6E5C18D22B39}.AppStore|Any CPU.Build.0 = Debug|Any CPU
		{A48D649A-1D5A-4C11-A200-6E5C18D22B39}.AppStore|iPhone.ActiveCfg = Debug|Any CPU
		{A48D649A-1D5A-4C11-A200-6E5C18D22B39}.AppStore|iPhone.Build.0 = Debug|Any CPU
		{A48D649A-1D5A-4C11-A200-6E5C18D22B39}.AppStore|iPhoneSimulator.ActiveCfg = Debug|Any CPU
		{A48D649A-1D5A-4C11-A200-6E5C18D22B39}.AppStore|iPhoneSimulator.Build.0 = Debug|Any CPU
		{A48D649A-1D5A-4C11-A200-6E5C18D22B39}.Debug|Any CPU.ActiveCfg = Debug|Any CPU
		{A48D649A-1D5A-4C11-A200-6E5C18D22B39}.Debug|Any CPU.Build.0 = Debug|Any CPU
		{A48D649A-1D5A-4C11-A200-6E5C18D22B39}.Debug|iPhone.ActiveCfg = Debug|Any CPU
		{A48D649A-1D5A-4C11-A200-6E5C18D22B39}.Debug|iPhone.Build.0 = Debug|Any CPU
		{A48D649A-1D5A-4C11-A200-6E5C18D22B39}.Debug|iPhoneSimulator.ActiveCfg = Debug|Any CPU
		{A48D649A-1D5A-4C11-A200-6E5C18D22B39}.Debug|iPhoneSimulator.Build.0 = Debug|Any CPU
		{A48D649A-1D5A-4C11-A200-6E5C18D22B39}.Gorilla|Any CPU.ActiveCfg = Debug|Any CPU
		{A48D649A-1D5A-4C11-A200-6E5C18D22B39}.Gorilla|Any CPU.Build.0 = Debug|Any CPU
		{A48D649A-1D5A-4C11-A200-6E5C18D22B39}.Gorilla|iPhone.ActiveCfg = Debug|Any CPU
		{A48D649A-1D5A-4C11-A200-6E5C18D22B39}.Gorilla|iPhone.Build.0 = Debug|Any CPU
		{A48D649A-1D5A-4C11-A200-6E5C18D22B39}.Gorilla|iPhoneSimulator.ActiveCfg = Debug|Any CPU
		{A48D649A-1D5A-4C11-A200-6E5C18D22B39}.Gorilla|iPhoneSimulator.Build.0 = Debug|Any CPU
		{A48D649A-1D5A-4C11-A200-6E5C18D22B39}.Release|Any CPU.ActiveCfg = Release|Any CPU
		{A48D649A-1D5A-4C11-A200-6E5C18D22B39}.Release|Any CPU.Build.0 = Release|Any CPU
		{A48D649A-1D5A-4C11-A200-6E5C18D22B39}.Release|iPhone.ActiveCfg = Release|Any CPU
		{A48D649A-1D5A-4C11-A200-6E5C18D22B39}.Release|iPhone.Build.0 = Release|Any CPU
		{A48D649A-1D5A-4C11-A200-6E5C18D22B39}.Release|iPhoneSimulator.ActiveCfg = Release|Any CPU
		{A48D649A-1D5A-4C11-A200-6E5C18D22B39}.Release|iPhoneSimulator.Build.0 = Release|Any CPU
		{9A750FFE-E1E3-42DC-80EC-28ED4B34536A}.Ad-Hoc|Any CPU.ActiveCfg = Debug|Any CPU
		{9A750FFE-E1E3-42DC-80EC-28ED4B34536A}.Ad-Hoc|Any CPU.Build.0 = Debug|Any CPU
		{9A750FFE-E1E3-42DC-80EC-28ED4B34536A}.Ad-Hoc|iPhone.ActiveCfg = Debug|Any CPU
		{9A750FFE-E1E3-42DC-80EC-28ED4B34536A}.Ad-Hoc|iPhone.Build.0 = Debug|Any CPU
		{9A750FFE-E1E3-42DC-80EC-28ED4B34536A}.Ad-Hoc|iPhoneSimulator.ActiveCfg = Debug|Any CPU
		{9A750FFE-E1E3-42DC-80EC-28ED4B34536A}.Ad-Hoc|iPhoneSimulator.Build.0 = Debug|Any CPU
		{9A750FFE-E1E3-42DC-80EC-28ED4B34536A}.AppStore|Any CPU.ActiveCfg = Debug|Any CPU
		{9A750FFE-E1E3-42DC-80EC-28ED4B34536A}.AppStore|Any CPU.Build.0 = Debug|Any CPU
		{9A750FFE-E1E3-42DC-80EC-28ED4B34536A}.AppStore|iPhone.ActiveCfg = Debug|Any CPU
		{9A750FFE-E1E3-42DC-80EC-28ED4B34536A}.AppStore|iPhone.Build.0 = Debug|Any CPU
		{9A750FFE-E1E3-42DC-80EC-28ED4B34536A}.AppStore|iPhoneSimulator.ActiveCfg = Debug|Any CPU
		{9A750FFE-E1E3-42DC-80EC-28ED4B34536A}.AppStore|iPhoneSimulator.Build.0 = Debug|Any CPU
		{9A750FFE-E1E3-42DC-80EC-28ED4B34536A}.Debug|Any CPU.ActiveCfg = Debug|Any CPU
		{9A750FFE-E1E3-42DC-80EC-28ED4B34536A}.Debug|Any CPU.Build.0 = Debug|Any CPU
		{9A750FFE-E1E3-42DC-80EC-28ED4B34536A}.Debug|iPhone.ActiveCfg = Debug|Any CPU
		{9A750FFE-E1E3-42DC-80EC-28ED4B34536A}.Debug|iPhone.Build.0 = Debug|Any CPU
		{9A750FFE-E1E3-42DC-80EC-28ED4B34536A}.Debug|iPhoneSimulator.ActiveCfg = Debug|Any CPU
		{9A750FFE-E1E3-42DC-80EC-28ED4B34536A}.Debug|iPhoneSimulator.Build.0 = Debug|Any CPU
		{9A750FFE-E1E3-42DC-80EC-28ED4B34536A}.Gorilla|Any CPU.ActiveCfg = Debug|Any CPU
		{9A750FFE-E1E3-42DC-80EC-28ED4B34536A}.Gorilla|Any CPU.Build.0 = Debug|Any CPU
		{9A750FFE-E1E3-42DC-80EC-28ED4B34536A}.Gorilla|iPhone.ActiveCfg = Debug|Any CPU
		{9A750FFE-E1E3-42DC-80EC-28ED4B34536A}.Gorilla|iPhone.Build.0 = Debug|Any CPU
		{9A750FFE-E1E3-42DC-80EC-28ED4B34536A}.Gorilla|iPhoneSimulator.ActiveCfg = Debug|Any CPU
		{9A750FFE-E1E3-42DC-80EC-28ED4B34536A}.Gorilla|iPhoneSimulator.Build.0 = Debug|Any CPU
		{9A750FFE-E1E3-42DC-80EC-28ED4B34536A}.Release|Any CPU.ActiveCfg = Release|Any CPU
		{9A750FFE-E1E3-42DC-80EC-28ED4B34536A}.Release|Any CPU.Build.0 = Release|Any CPU
		{9A750FFE-E1E3-42DC-80EC-28ED4B34536A}.Release|iPhone.ActiveCfg = Release|Any CPU
		{9A750FFE-E1E3-42DC-80EC-28ED4B34536A}.Release|iPhone.Build.0 = Release|Any CPU
		{9A750FFE-E1E3-42DC-80EC-28ED4B34536A}.Release|iPhoneSimulator.ActiveCfg = Release|Any CPU
		{9A750FFE-E1E3-42DC-80EC-28ED4B34536A}.Release|iPhoneSimulator.Build.0 = Release|Any CPU
		{473DE10B-A4C3-4F6A-8CB5-C365E155890B}.Ad-Hoc|Any CPU.ActiveCfg = Debug|Any CPU
		{473DE10B-A4C3-4F6A-8CB5-C365E155890B}.Ad-Hoc|Any CPU.Build.0 = Debug|Any CPU
		{473DE10B-A4C3-4F6A-8CB5-C365E155890B}.Ad-Hoc|iPhone.ActiveCfg = Debug|Any CPU
		{473DE10B-A4C3-4F6A-8CB5-C365E155890B}.Ad-Hoc|iPhone.Build.0 = Debug|Any CPU
		{473DE10B-A4C3-4F6A-8CB5-C365E155890B}.Ad-Hoc|iPhoneSimulator.ActiveCfg = Debug|Any CPU
		{473DE10B-A4C3-4F6A-8CB5-C365E155890B}.Ad-Hoc|iPhoneSimulator.Build.0 = Debug|Any CPU
		{473DE10B-A4C3-4F6A-8CB5-C365E155890B}.AppStore|Any CPU.ActiveCfg = Debug|Any CPU
		{473DE10B-A4C3-4F6A-8CB5-C365E155890B}.AppStore|Any CPU.Build.0 = Debug|Any CPU
		{473DE10B-A4C3-4F6A-8CB5-C365E155890B}.AppStore|iPhone.ActiveCfg = Debug|Any CPU
		{473DE10B-A4C3-4F6A-8CB5-C365E155890B}.AppStore|iPhone.Build.0 = Debug|Any CPU
		{473DE10B-A4C3-4F6A-8CB5-C365E155890B}.AppStore|iPhoneSimulator.ActiveCfg = Debug|Any CPU
		{473DE10B-A4C3-4F6A-8CB5-C365E155890B}.AppStore|iPhoneSimulator.Build.0 = Debug|Any CPU
		{473DE10B-A4C3-4F6A-8CB5-C365E155890B}.Debug|Any CPU.ActiveCfg = Debug|Any CPU
		{473DE10B-A4C3-4F6A-8CB5-C365E155890B}.Debug|Any CPU.Build.0 = Debug|Any CPU
		{473DE10B-A4C3-4F6A-8CB5-C365E155890B}.Debug|iPhone.ActiveCfg = Debug|Any CPU
		{473DE10B-A4C3-4F6A-8CB5-C365E155890B}.Debug|iPhone.Build.0 = Debug|Any CPU
		{473DE10B-A4C3-4F6A-8CB5-C365E155890B}.Debug|iPhoneSimulator.ActiveCfg = Debug|Any CPU
		{473DE10B-A4C3-4F6A-8CB5-C365E155890B}.Debug|iPhoneSimulator.Build.0 = Debug|Any CPU
		{473DE10B-A4C3-4F6A-8CB5-C365E155890B}.Gorilla|Any CPU.ActiveCfg = Debug|Any CPU
		{473DE10B-A4C3-4F6A-8CB5-C365E155890B}.Gorilla|Any CPU.Build.0 = Debug|Any CPU
		{473DE10B-A4C3-4F6A-8CB5-C365E155890B}.Gorilla|iPhone.ActiveCfg = Debug|Any CPU
		{473DE10B-A4C3-4F6A-8CB5-C365E155890B}.Gorilla|iPhone.Build.0 = Debug|Any CPU
		{473DE10B-A4C3-4F6A-8CB5-C365E155890B}.Gorilla|iPhoneSimulator.ActiveCfg = Debug|Any CPU
		{473DE10B-A4C3-4F6A-8CB5-C365E155890B}.Gorilla|iPhoneSimulator.Build.0 = Debug|Any CPU
		{473DE10B-A4C3-4F6A-8CB5-C365E155890B}.Release|Any CPU.ActiveCfg = Release|Any CPU
		{473DE10B-A4C3-4F6A-8CB5-C365E155890B}.Release|Any CPU.Build.0 = Release|Any CPU
		{473DE10B-A4C3-4F6A-8CB5-C365E155890B}.Release|iPhone.ActiveCfg = Release|Any CPU
		{473DE10B-A4C3-4F6A-8CB5-C365E155890B}.Release|iPhone.Build.0 = Release|Any CPU
		{473DE10B-A4C3-4F6A-8CB5-C365E155890B}.Release|iPhoneSimulator.ActiveCfg = Release|Any CPU
		{473DE10B-A4C3-4F6A-8CB5-C365E155890B}.Release|iPhoneSimulator.Build.0 = Release|Any CPU
		{E015B5FE-0205-480C-8BEF-1052313D7AE2}.Ad-Hoc|Any CPU.ActiveCfg = Debug|Any CPU
		{E015B5FE-0205-480C-8BEF-1052313D7AE2}.Ad-Hoc|Any CPU.Build.0 = Debug|Any CPU
		{E015B5FE-0205-480C-8BEF-1052313D7AE2}.Ad-Hoc|iPhone.ActiveCfg = Debug|Any CPU
		{E015B5FE-0205-480C-8BEF-1052313D7AE2}.Ad-Hoc|iPhone.Build.0 = Debug|Any CPU
		{E015B5FE-0205-480C-8BEF-1052313D7AE2}.Ad-Hoc|iPhoneSimulator.ActiveCfg = Debug|Any CPU
		{E015B5FE-0205-480C-8BEF-1052313D7AE2}.Ad-Hoc|iPhoneSimulator.Build.0 = Debug|Any CPU
		{E015B5FE-0205-480C-8BEF-1052313D7AE2}.AppStore|Any CPU.ActiveCfg = Debug|Any CPU
		{E015B5FE-0205-480C-8BEF-1052313D7AE2}.AppStore|Any CPU.Build.0 = Debug|Any CPU
		{E015B5FE-0205-480C-8BEF-1052313D7AE2}.AppStore|iPhone.ActiveCfg = Debug|Any CPU
		{E015B5FE-0205-480C-8BEF-1052313D7AE2}.AppStore|iPhone.Build.0 = Debug|Any CPU
		{E015B5FE-0205-480C-8BEF-1052313D7AE2}.AppStore|iPhoneSimulator.ActiveCfg = Debug|Any CPU
		{E015B5FE-0205-480C-8BEF-1052313D7AE2}.AppStore|iPhoneSimulator.Build.0 = Debug|Any CPU
		{E015B5FE-0205-480C-8BEF-1052313D7AE2}.Debug|Any CPU.ActiveCfg = Debug|Any CPU
		{E015B5FE-0205-480C-8BEF-1052313D7AE2}.Debug|Any CPU.Build.0 = Debug|Any CPU
		{E015B5FE-0205-480C-8BEF-1052313D7AE2}.Debug|iPhone.ActiveCfg = Debug|Any CPU
		{E015B5FE-0205-480C-8BEF-1052313D7AE2}.Debug|iPhone.Build.0 = Debug|Any CPU
		{E015B5FE-0205-480C-8BEF-1052313D7AE2}.Debug|iPhoneSimulator.ActiveCfg = Debug|Any CPU
		{E015B5FE-0205-480C-8BEF-1052313D7AE2}.Debug|iPhoneSimulator.Build.0 = Debug|Any CPU
		{E015B5FE-0205-480C-8BEF-1052313D7AE2}.Gorilla|Any CPU.ActiveCfg = Debug|Any CPU
		{E015B5FE-0205-480C-8BEF-1052313D7AE2}.Gorilla|Any CPU.Build.0 = Debug|Any CPU
		{E015B5FE-0205-480C-8BEF-1052313D7AE2}.Gorilla|iPhone.ActiveCfg = Debug|Any CPU
		{E015B5FE-0205-480C-8BEF-1052313D7AE2}.Gorilla|iPhone.Build.0 = Debug|Any CPU
		{E015B5FE-0205-480C-8BEF-1052313D7AE2}.Gorilla|iPhoneSimulator.ActiveCfg = Debug|Any CPU
		{E015B5FE-0205-480C-8BEF-1052313D7AE2}.Gorilla|iPhoneSimulator.Build.0 = Debug|Any CPU
		{E015B5FE-0205-480C-8BEF-1052313D7AE2}.Release|Any CPU.ActiveCfg = Release|Any CPU
		{E015B5FE-0205-480C-8BEF-1052313D7AE2}.Release|Any CPU.Build.0 = Release|Any CPU
		{E015B5FE-0205-480C-8BEF-1052313D7AE2}.Release|iPhone.ActiveCfg = Release|Any CPU
		{E015B5FE-0205-480C-8BEF-1052313D7AE2}.Release|iPhone.Build.0 = Release|Any CPU
		{E015B5FE-0205-480C-8BEF-1052313D7AE2}.Release|iPhoneSimulator.ActiveCfg = Release|Any CPU
		{E015B5FE-0205-480C-8BEF-1052313D7AE2}.Release|iPhoneSimulator.Build.0 = Release|Any CPU
		{DE03EC11-B397-4ADF-882C-81FFC1C96A21}.Ad-Hoc|Any CPU.ActiveCfg = Debug|Any CPU
		{DE03EC11-B397-4ADF-882C-81FFC1C96A21}.Ad-Hoc|Any CPU.Build.0 = Debug|Any CPU
		{DE03EC11-B397-4ADF-882C-81FFC1C96A21}.Ad-Hoc|iPhone.ActiveCfg = Debug|Any CPU
		{DE03EC11-B397-4ADF-882C-81FFC1C96A21}.Ad-Hoc|iPhone.Build.0 = Debug|Any CPU
		{DE03EC11-B397-4ADF-882C-81FFC1C96A21}.Ad-Hoc|iPhoneSimulator.ActiveCfg = Debug|Any CPU
		{DE03EC11-B397-4ADF-882C-81FFC1C96A21}.Ad-Hoc|iPhoneSimulator.Build.0 = Debug|Any CPU
		{DE03EC11-B397-4ADF-882C-81FFC1C96A21}.AppStore|Any CPU.ActiveCfg = Debug|Any CPU
		{DE03EC11-B397-4ADF-882C-81FFC1C96A21}.AppStore|Any CPU.Build.0 = Debug|Any CPU
		{DE03EC11-B397-4ADF-882C-81FFC1C96A21}.AppStore|iPhone.ActiveCfg = Debug|Any CPU
		{DE03EC11-B397-4ADF-882C-81FFC1C96A21}.AppStore|iPhone.Build.0 = Debug|Any CPU
		{DE03EC11-B397-4ADF-882C-81FFC1C96A21}.AppStore|iPhoneSimulator.ActiveCfg = Debug|Any CPU
		{DE03EC11-B397-4ADF-882C-81FFC1C96A21}.AppStore|iPhoneSimulator.Build.0 = Debug|Any CPU
		{DE03EC11-B397-4ADF-882C-81FFC1C96A21}.Debug|Any CPU.ActiveCfg = Debug|Any CPU
		{DE03EC11-B397-4ADF-882C-81FFC1C96A21}.Debug|Any CPU.Build.0 = Debug|Any CPU
		{DE03EC11-B397-4ADF-882C-81FFC1C96A21}.Debug|iPhone.ActiveCfg = Debug|Any CPU
		{DE03EC11-B397-4ADF-882C-81FFC1C96A21}.Debug|iPhone.Build.0 = Debug|Any CPU
		{DE03EC11-B397-4ADF-882C-81FFC1C96A21}.Debug|iPhoneSimulator.ActiveCfg = Debug|Any CPU
		{DE03EC11-B397-4ADF-882C-81FFC1C96A21}.Debug|iPhoneSimulator.Build.0 = Debug|Any CPU
		{DE03EC11-B397-4ADF-882C-81FFC1C96A21}.Gorilla|Any CPU.ActiveCfg = Debug|Any CPU
		{DE03EC11-B397-4ADF-882C-81FFC1C96A21}.Gorilla|Any CPU.Build.0 = Debug|Any CPU
		{DE03EC11-B397-4ADF-882C-81FFC1C96A21}.Gorilla|iPhone.ActiveCfg = Debug|Any CPU
		{DE03EC11-B397-4ADF-882C-81FFC1C96A21}.Gorilla|iPhone.Build.0 = Debug|Any CPU
		{DE03EC11-B397-4ADF-882C-81FFC1C96A21}.Gorilla|iPhoneSimulator.ActiveCfg = Debug|Any CPU
		{DE03EC11-B397-4ADF-882C-81FFC1C96A21}.Gorilla|iPhoneSimulator.Build.0 = Debug|Any CPU
		{DE03EC11-B397-4ADF-882C-81FFC1C96A21}.Release|Any CPU.ActiveCfg = Release|Any CPU
		{DE03EC11-B397-4ADF-882C-81FFC1C96A21}.Release|Any CPU.Build.0 = Release|Any CPU
		{DE03EC11-B397-4ADF-882C-81FFC1C96A21}.Release|iPhone.ActiveCfg = Release|Any CPU
		{DE03EC11-B397-4ADF-882C-81FFC1C96A21}.Release|iPhone.Build.0 = Release|Any CPU
		{DE03EC11-B397-4ADF-882C-81FFC1C96A21}.Release|iPhoneSimulator.ActiveCfg = Release|Any CPU
		{DE03EC11-B397-4ADF-882C-81FFC1C96A21}.Release|iPhoneSimulator.Build.0 = Release|Any CPU
	EndGlobalSection
	GlobalSection(SolutionProperties) = preSolution
		HideSolutionNode = FALSE
	EndGlobalSection
	GlobalSection(NestedProjects) = preSolution
		{20A6C4E4-29BB-4D80-84F0-F7C592C0E76D} = {2486094C-8913-4646-8A37-90F653C5725E}
		{441CE2D5-1873-4FA1-BA39-3E1AEFB2349C} = {2486094C-8913-4646-8A37-90F653C5725E}
		{FB6C88AC-293D-47E5-8AD1-0FB47A169A49} = {2486094C-8913-4646-8A37-90F653C5725E}
	EndGlobalSection
	GlobalSection(ExtensibilityGlobals) = postSolution
		SolutionGuid = {47F28275-4F58-41E2-A527-7ACD8E25AC26}
	EndGlobalSection
EndGlobal
